
Microsoft Visual Studio Solution File, Format Version 12.00
# Visual Studio Version 16
VisualStudioVersion = 16.0.32126.315
MinimumVisualStudioVersion = 10.0.40219.1
Project("{FAE04EC0-301F-11D3-BF4B-00C04F79EFBC}") = "Overriding_Arafat", "Overriding_Arafat\Overriding_Arafat.csproj", "{06B10B72-AEB3-4A11-B944-9D4AF3E69BBA}"
EndProject
Global
	GlobalSection(SolutionConfigurationPlatforms) = preSolution
		Debug|Any CPU = Debug|Any CPU
		Release|Any CPU = Release|Any CPU
	EndGlobalSection
	GlobalSection(ProjectConfigurationPlatforms) = postSolution
		{06B10B72-AEB3-4A11-B944-9D4AF3E69BBA}.Debug|Any CPU.ActiveCfg = Debug|Any CPU
		{06B10B72-AEB3-4A11-B944-9D4AF3E69BBA}.Debug|Any CPU.Build.0 = Debug|Any CPU
		{06B10B72-AEB3-4A11-B944-9D4AF3E69BBA}.Release|Any CPU.ActiveCfg = Release|Any CPU
		{06B10B72-AEB3-4A11-B944-9D4AF3E69BBA}.Release|Any CPU.Build.0 = Release|Any CPU
	EndGlobalSection
	GlobalSection(SolutionProperties) = preSolution
		HideSolutionNode = FALSE
	EndGlobalSection
	GlobalSection(ExtensibilityGlobals) = postSolution
		SolutionGuid = {FBD80CE1-3D69-41C8-8383-41B0C5E77407}
	EndGlobalSection
EndGlobal
