
Microsoft Visual Studio Solution File, Format Version 12.00
# Visual Studio Version 16
VisualStudioVersion = 16.0.32126.315
MinimumVisualStudioVersion = 10.0.40219.1
Project("{FAE04EC0-301F-11D3-BF4B-00C04F79EFBC}") = "Inheritance_Arafat", "Inheritance_Arafat\Inheritance_Arafat.csproj", "{7699B393-9467-49A8-AD86-6AF1242E7FA8}"
EndProject
Global
	GlobalSection(SolutionConfigurationPlatforms) = preSolution
		Debug|Any CPU = Debug|Any CPU
		Release|Any CPU = Release|Any CPU
	EndGlobalSection
	GlobalSection(ProjectConfigurationPlatforms) = postSolution
		{7699B393-9467-49A8-AD86-6AF1242E7FA8}.Debug|Any CPU.ActiveCfg = Debug|Any CPU
		{7699B393-9467-49A8-AD86-6AF1242E7FA8}.Debug|Any CPU.Build.0 = Debug|Any CPU
		{7699B393-9467-49A8-AD86-6AF1242E7FA8}.Release|Any CPU.ActiveCfg = Release|Any CPU
		{7699B393-9467-49A8-AD86-6AF1242E7FA8}.Release|Any CPU.Build.0 = Release|Any CPU
	EndGlobalSection
	GlobalSection(SolutionProperties) = preSolution
		HideSolutionNode = FALSE
	EndGlobalSection
	GlobalSection(ExtensibilityGlobals) = postSolution
		SolutionGuid = {63DABB87-6802-4947-B640-FD8B7080EB24}
	EndGlobalSection
EndGlobal
